
Microsoft Visual Studio Solution File, Format Version 12.00
# Visual Studio Version 16
VisualStudioVersion = 16.0.30907.101
MinimumVisualStudioVersion = 10.0.40219.1
Project("{9A19103F-16F7-4668-BE54-9A1E7A4F7556}") = "BorsukSoftware.ObjectFlattener.Core", "BorsukSoftware.ObjectFlattener.Core\BorsukSoftware.ObjectFlattener.Core.csproj", "{7534D814-AE18-4D52-BD35-C2393B6C89EE}"
EndProject
Project("{9A19103F-16F7-4668-BE54-9A1E7A4F7556}") = "BorsukSoftware.ObjectFlattener.Tests", "BorsukSoftware.ObjectFlattener.Tests\BorsukSoftware.ObjectFlattener.Tests.csproj", "{5265CB5D-FE30-4523-8CC7-9E0E6B66058F}"
EndProject
Project("{9A19103F-16F7-4668-BE54-9A1E7A4F7556}") = "BorsukSoftware.ObjectFlattener.JsonDotNet", "BorsukSoftware.ObjectFlattener.JsonDotNet\BorsukSoftware.ObjectFlattener.JsonDotNet.csproj", "{A0A2BFD0-774A-49EE-B3A4-DC8BFB717701}"
EndProject
Project("{FAE04EC0-301F-11D3-BF4B-00C04F79EFBC}") = "BorsukSoftware.ObjectFlattener.SystemTextJson", "BorsukSoftware.ObjectFlattener.SystemTextJson\BorsukSoftware.ObjectFlattener.SystemTextJson.csproj", "{4DF63D13-B9B1-4EF3-AFD3-1CFF30A18545}"
EndProject
Global
	GlobalSection(SolutionConfigurationPlatforms) = preSolution
		Debug|Any CPU = Debug|Any CPU
		Release|Any CPU = Release|Any CPU
	EndGlobalSection
	GlobalSection(ProjectConfigurationPlatforms) = postSolution
		{7534D814-AE18-4D52-BD35-C2393B6C89EE}.Debug|Any CPU.ActiveCfg = Debug|Any CPU
		{7534D814-AE18-4D52-BD35-C2393B6C89EE}.Debug|Any CPU.Build.0 = Debug|Any CPU
		{7534D814-AE18-4D52-BD35-C2393B6C89EE}.Release|Any CPU.ActiveCfg = Release|Any CPU
		{7534D814-AE18-4D52-BD35-C2393B6C89EE}.Release|Any CPU.Build.0 = Release|Any CPU
		{5265CB5D-FE30-4523-8CC7-9E0E6B66058F}.Debug|Any CPU.ActiveCfg = Debug|Any CPU
		{5265CB5D-FE30-4523-8CC7-9E0E6B66058F}.Debug|Any CPU.Build.0 = Debug|Any CPU
		{5265CB5D-FE30-4523-8CC7-9E0E6B66058F}.Release|Any CPU.ActiveCfg = Release|Any CPU
		{5265CB5D-FE30-4523-8CC7-9E0E6B66058F}.Release|Any CPU.Build.0 = Release|Any CPU
		{A0A2BFD0-774A-49EE-B3A4-DC8BFB717701}.Debug|Any CPU.ActiveCfg = Debug|Any CPU
		{A0A2BFD0-774A-49EE-B3A4-DC8BFB717701}.Debug|Any CPU.Build.0 = Debug|Any CPU
		{A0A2BFD0-774A-49EE-B3A4-DC8BFB717701}.Release|Any CPU.ActiveCfg = Release|Any CPU
		{A0A2BFD0-774A-49EE-B3A4-DC8BFB717701}.Release|Any CPU.Build.0 = Release|Any CPU
		{4DF63D13-B9B1-4EF3-AFD3-1CFF30A18545}.Debug|Any CPU.ActiveCfg = Debug|Any CPU
		{4DF63D13-B9B1-4EF3-AFD3-1CFF30A18545}.Debug|Any CPU.Build.0 = Debug|Any CPU
		{4DF63D13-B9B1-4EF3-AFD3-1CFF30A18545}.Release|Any CPU.ActiveCfg = Release|Any CPU
		{4DF63D13-B9B1-4EF3-AFD3-1CFF30A18545}.Release|Any CPU.Build.0 = Release|Any CPU
	EndGlobalSection
	GlobalSection(SolutionProperties) = preSolution
		HideSolutionNode = FALSE
	EndGlobalSection
	GlobalSection(ExtensibilityGlobals) = postSolution
		SolutionGuid = {DB88F30F-F3F7-447A-8F62-88D101655491}
	EndGlobalSection
EndGlobal
